// !$*UTF8*$!
{
	archiveVersion = 1;
	classes = {
	};
	objectVersion = 56;
	objects = {

/* Begin PBXBuildFile section */
		050198FA29CFF39100792453 /* CoreDataManager.swift in Sources */ = {isa = PBXBuildFile; fileRef = 053EA4F429C71C1900BF19E1 /* CoreDataManager.swift */; };
		050198FB29CFF3F100792453 /* TaiwanWeatherWidget.xcdatamodeld in Sources */ = {isa = PBXBuildFile; fileRef = 053EA4F729C723A400BF19E1 /* TaiwanWeatherWidget.xcdatamodeld */; };
		050198FE29D02E0C00792453 /* AdBannderView.swift in Sources */ = {isa = PBXBuildFile; fileRef = 050198FD29D02E0C00792453 /* AdBannderView.swift */; };
		053EA4F529C71C1900BF19E1 /* CoreDataManager.swift in Sources */ = {isa = PBXBuildFile; fileRef = 053EA4F429C71C1900BF19E1 /* CoreDataManager.swift */; };
		053EA4F629C71C1900BF19E1 /* CoreDataManager.swift in Sources */ = {isa = PBXBuildFile; fileRef = 053EA4F429C71C1900BF19E1 /* CoreDataManager.swift */; };
		053EA4F929C723A400BF19E1 /* TaiwanWeatherWidget.xcdatamodeld in Sources */ = {isa = PBXBuildFile; fileRef = 053EA4F729C723A400BF19E1 /* TaiwanWeatherWidget.xcdatamodeld */; };
		053EA4FA29C723A400BF19E1 /* TaiwanWeatherWidget.xcdatamodeld in Sources */ = {isa = PBXBuildFile; fileRef = 053EA4F729C723A400BF19E1 /* TaiwanWeatherWidget.xcdatamodeld */; };
		053EA4FC29C72E9200BF19E1 /* WeatherApiManager.swift in Sources */ = {isa = PBXBuildFile; fileRef = 053EA4FB29C72E9200BF19E1 /* WeatherApiManager.swift */; };
		053EA4FD29C72E9200BF19E1 /* WeatherApiManager.swift in Sources */ = {isa = PBXBuildFile; fileRef = 053EA4FB29C72E9200BF19E1 /* WeatherApiManager.swift */; };
		054D3E4829CC96C700E1CAC0 /* DateExtension.swift in Sources */ = {isa = PBXBuildFile; fileRef = 054D3E4729CC96C700E1CAC0 /* DateExtension.swift */; };
		054D3E4A29CDC29900E1CAC0 /* ColorExtenstion.swift in Sources */ = {isa = PBXBuildFile; fileRef = 054D3E4929CDC29900E1CAC0 /* ColorExtenstion.swift */; };
		054D3E4C29CDEB4C00E1CAC0 /* ProviderManager.swift in Sources */ = {isa = PBXBuildFile; fileRef = 054D3E4B29CDEB4C00E1CAC0 /* ProviderManager.swift */; };
		054D3E4D29CDEB7400E1CAC0 /* ProviderManager.swift in Sources */ = {isa = PBXBuildFile; fileRef = 054D3E4B29CDEB4C00E1CAC0 /* ProviderManager.swift */; };
		054D3E4E29CDF1C200E1CAC0 /* DataCodeModel.swift in Sources */ = {isa = PBXBuildFile; fileRef = 05E281AE29CB2DD300BBC58F /* DataCodeModel.swift */; };
		054D3E4F29CDF1CE00E1CAC0 /* WeatherInfoModel.swift in Sources */ = {isa = PBXBuildFile; fileRef = 05A83FFF29CBEE2500327C60 /* WeatherInfoModel.swift */; };
		054D3E5029CF0F1F00E1CAC0 /* DateExtension.swift in Sources */ = {isa = PBXBuildFile; fileRef = 054D3E4729CC96C700E1CAC0 /* DateExtension.swift */; };
		054D3E5429CF222300E1CAC0 /* ColorExtenstion.swift in Sources */ = {isa = PBXBuildFile; fileRef = 054D3E4929CDC29900E1CAC0 /* ColorExtenstion.swift */; };
		054D3E5629CF28FD00E1CAC0 /* MedieumWidgetView.swift in Sources */ = {isa = PBXBuildFile; fileRef = 054D3E5529CF28FD00E1CAC0 /* MedieumWidgetView.swift */; };
		054D3E5929CF2A6300E1CAC0 /* SmallWidgetView.swift in Sources */ = {isa = PBXBuildFile; fileRef = 054D3E5829CF2A6300E1CAC0 /* SmallWidgetView.swift */; };
		054D3E5A29CF33F300E1CAC0 /* MainViewModel.swift in Sources */ = {isa = PBXBuildFile; fileRef = 05C62C7E29C6F7D8007CFE8F /* MainViewModel.swift */; };
		054D3E6229CF408A00E1CAC0 /* WidgetCoreDataManager.swift in Sources */ = {isa = PBXBuildFile; fileRef = 054D3E6129CF408A00E1CAC0 /* WidgetCoreDataManager.swift */; };
		054D3E6329CF40BE00E1CAC0 /* WidgetCoreDataManager.swift in Sources */ = {isa = PBXBuildFile; fileRef = 054D3E6129CF408A00E1CAC0 /* WidgetCoreDataManager.swift */; };
		054D3E6529CFDF9E00E1CAC0 /* TaiwanWeatherWidgetIntent.intentdefinition in Sources */ = {isa = PBXBuildFile; fileRef = 054D3E6429CFDF9E00E1CAC0 /* TaiwanWeatherWidgetIntent.intentdefinition */; };
		054D3E6629CFDF9E00E1CAC0 /* TaiwanWeatherWidgetIntent.intentdefinition in Sources */ = {isa = PBXBuildFile; fileRef = 054D3E6429CFDF9E00E1CAC0 /* TaiwanWeatherWidgetIntent.intentdefinition */; };
		054D3E6D29CFE0EE00E1CAC0 /* Intents.framework in Frameworks */ = {isa = PBXBuildFile; fileRef = 054D3E6C29CFE0EE00E1CAC0 /* Intents.framework */; };
		054D3E7029CFE0EE00E1CAC0 /* IntentHandler.swift in Sources */ = {isa = PBXBuildFile; fileRef = 054D3E6F29CFE0EE00E1CAC0 /* IntentHandler.swift */; };
		054D3E7429CFE0EE00E1CAC0 /* TaiwanWeatherWidgetIntent.appex in Embed Foundation Extensions */ = {isa = PBXBuildFile; fileRef = 054D3E6B29CFE0EE00E1CAC0 /* TaiwanWeatherWidgetIntent.appex */; settings = {ATTRIBUTES = (RemoveHeadersOnCopy, ); }; };
		054D3E7929CFE1DB00E1CAC0 /* TaiwanWeatherWidgetIntent.intentdefinition in Sources */ = {isa = PBXBuildFile; fileRef = 054D3E6429CFDF9E00E1CAC0 /* TaiwanWeatherWidgetIntent.intentdefinition */; };
		054D3E7A29CFE24600E1CAC0 /* DataCodeModel.swift in Sources */ = {isa = PBXBuildFile; fileRef = 05E281AE29CB2DD300BBC58F /* DataCodeModel.swift */; };
		05A8400029CBEE2500327C60 /* WeatherInfoModel.swift in Sources */ = {isa = PBXBuildFile; fileRef = 05A83FFF29CBEE2500327C60 /* WeatherInfoModel.swift */; };
		05C62C6A29C6EB59007CFE8F /* TaiwanWeatherWidgetApp.swift in Sources */ = {isa = PBXBuildFile; fileRef = 05C62C6929C6EB59007CFE8F /* TaiwanWeatherWidgetApp.swift */; };
		05C62C6E29C6EB5B007CFE8F /* Assets.xcassets in Resources */ = {isa = PBXBuildFile; fileRef = 05C62C6D29C6EB5B007CFE8F /* Assets.xcassets */; };
		05C62C7129C6EB5B007CFE8F /* Preview Assets.xcassets in Resources */ = {isa = PBXBuildFile; fileRef = 05C62C7029C6EB5B007CFE8F /* Preview Assets.xcassets */; };
		05C62C7B29C6EBF5007CFE8F /* HomeView.swift in Sources */ = {isa = PBXBuildFile; fileRef = 05C62C7A29C6EBF5007CFE8F /* HomeView.swift */; };
		05C62C7F29C6F7D8007CFE8F /* MainViewModel.swift in Sources */ = {isa = PBXBuildFile; fileRef = 05C62C7E29C6F7D8007CFE8F /* MainViewModel.swift */; };
		05C62C8229C6FDF9007CFE8F /* AnimationCheckView.swift in Sources */ = {isa = PBXBuildFile; fileRef = 05C62C8129C6FDF9007CFE8F /* AnimationCheckView.swift */; };
		05C62C8A29C70400007CFE8F /* WidgetKit.framework in Frameworks */ = {isa = PBXBuildFile; fileRef = 05C62C8929C703FF007CFE8F /* WidgetKit.framework */; };
		05C62C8C29C70400007CFE8F /* SwiftUI.framework in Frameworks */ = {isa = PBXBuildFile; fileRef = 05C62C8B29C70400007CFE8F /* SwiftUI.framework */; };
		05C62C8F29C70400007CFE8F /* TaiwanWeatherWidgetExtensionBundle.swift in Sources */ = {isa = PBXBuildFile; fileRef = 05C62C8E29C70400007CFE8F /* TaiwanWeatherWidgetExtensionBundle.swift */; };
		05C62C9129C70400007CFE8F /* TaiwanWeatherWidgetExtension.swift in Sources */ = {isa = PBXBuildFile; fileRef = 05C62C9029C70400007CFE8F /* TaiwanWeatherWidgetExtension.swift */; };
		05C62C9329C70400007CFE8F /* Assets.xcassets in Resources */ = {isa = PBXBuildFile; fileRef = 05C62C9229C70400007CFE8F /* Assets.xcassets */; };
		05C62C9729C70400007CFE8F /* TaiwanWeatherWidgetExtensionExtension.appex in Embed Foundation Extensions */ = {isa = PBXBuildFile; fileRef = 05C62C8729C703FF007CFE8F /* TaiwanWeatherWidgetExtensionExtension.appex */; settings = {ATTRIBUTES = (RemoveHeadersOnCopy, ); }; };
		05E281AF29CB2DD300BBC58F /* DataCodeModel.swift in Sources */ = {isa = PBXBuildFile; fileRef = 05E281AE29CB2DD300BBC58F /* DataCodeModel.swift */; };
		05F833CB29CB1CB5007F6394 /* SharedInfoManager.swift in Sources */ = {isa = PBXBuildFile; fileRef = 05F833CA29CB1CB5007F6394 /* SharedInfoManager.swift */; };
		05F833CC29CB1FA9007F6394 /* SharedInfoManager.swift in Sources */ = {isa = PBXBuildFile; fileRef = 05F833CA29CB1CB5007F6394 /* SharedInfoManager.swift */; };
		05F833CE29CB208A007F6394 /* LoadingView.swift in Sources */ = {isa = PBXBuildFile; fileRef = 05F833CD29CB208A007F6394 /* LoadingView.swift */; };
		05F833D029CB20A0007F6394 /* ErrorMessageShowView.swift in Sources */ = {isa = PBXBuildFile; fileRef = 05F833CF29CB20A0007F6394 /* ErrorMessageShowView.swift */; };
		05F833D329CB20CC007F6394 /* TransparentBackground.swift in Sources */ = {isa = PBXBuildFile; fileRef = 05F833D229CB20CC007F6394 /* TransparentBackground.swift */; };
		2786EA643FB8F67E232DA27A /* Pods_TaiwanWeatherWidgetIntent.framework in Frameworks */ = {isa = PBXBuildFile; fileRef = 5BB4AED8F56B3C418F728070 /* Pods_TaiwanWeatherWidgetIntent.framework */; };
		5354F862AC993D4A367FE59B /* Pods_TaiwanWeatherWidget.framework in Frameworks */ = {isa = PBXBuildFile; fileRef = 3FCA4DBD4E7518F42F2B2FE1 /* Pods_TaiwanWeatherWidget.framework */; };
		BFF572A21746FCF19D5784E6 /* Pods_TaiwanWeatherWidgetExtensionExtension.framework in Frameworks */ = {isa = PBXBuildFile; fileRef = F2C1912DD1CF4242EF43743B /* Pods_TaiwanWeatherWidgetExtensionExtension.framework */; };
/* End PBXBuildFile section */

/* Begin PBXContainerItemProxy section */
		054D3E7229CFE0EE00E1CAC0 /* PBXContainerItemProxy */ = {
			isa = PBXContainerItemProxy;
			containerPortal = 05C62C5E29C6EB59007CFE8F /* Project object */;
			proxyType = 1;
			remoteGlobalIDString = 054D3E6A29CFE0EE00E1CAC0;
			remoteInfo = TaiwanWeatherWidgetIntent;
		};
		05C62C9529C70400007CFE8F /* PBXContainerItemProxy */ = {
			isa = PBXContainerItemProxy;
			containerPortal = 05C62C5E29C6EB59007CFE8F /* Project object */;
			proxyType = 1;
			remoteGlobalIDString = 05C62C8629C703FF007CFE8F;
			remoteInfo = TaiwanWeatherWidgetExtensionExtension;
		};
/* End PBXContainerItemProxy section */

/* Begin PBXCopyFilesBuildPhase section */
		05C62C9B29C70400007CFE8F /* Embed Foundation Extensions */ = {
			isa = PBXCopyFilesBuildPhase;
			buildActionMask = 2147483647;
			dstPath = "";
			dstSubfolderSpec = 13;
			files = (
				05C62C9729C70400007CFE8F /* TaiwanWeatherWidgetExtensionExtension.appex in Embed Foundation Extensions */,
				054D3E7429CFE0EE00E1CAC0 /* TaiwanWeatherWidgetIntent.appex in Embed Foundation Extensions */,
			);
			name = "Embed Foundation Extensions";
			runOnlyForDeploymentPostprocessing = 0;
		};
/* End PBXCopyFilesBuildPhase section */

/* Begin PBXFileReference section */
		050198FD29D02E0C00792453 /* AdBannderView.swift */ = {isa = PBXFileReference; lastKnownFileType = sourcecode.swift; path = AdBannderView.swift; sourceTree = "<group>"; };
		053EA4F429C71C1900BF19E1 /* CoreDataManager.swift */ = {isa = PBXFileReference; lastKnownFileType = sourcecode.swift; path = CoreDataManager.swift; sourceTree = "<group>"; };
		053EA4F829C723A400BF19E1 /* TaiwanWeatherWidget.xcdatamodel */ = {isa = PBXFileReference; lastKnownFileType = wrapper.xcdatamodel; path = TaiwanWeatherWidget.xcdatamodel; sourceTree = "<group>"; };
		053EA4FB29C72E9200BF19E1 /* WeatherApiManager.swift */ = {isa = PBXFileReference; lastKnownFileType = sourcecode.swift; path = WeatherApiManager.swift; sourceTree = "<group>"; };
		054D3E4729CC96C700E1CAC0 /* DateExtension.swift */ = {isa = PBXFileReference; lastKnownFileType = sourcecode.swift; path = DateExtension.swift; sourceTree = "<group>"; };
		054D3E4929CDC29900E1CAC0 /* ColorExtenstion.swift */ = {isa = PBXFileReference; lastKnownFileType = sourcecode.swift; path = ColorExtenstion.swift; sourceTree = "<group>"; };
		054D3E4B29CDEB4C00E1CAC0 /* ProviderManager.swift */ = {isa = PBXFileReference; lastKnownFileType = sourcecode.swift; path = ProviderManager.swift; sourceTree = "<group>"; };
		054D3E5529CF28FD00E1CAC0 /* MedieumWidgetView.swift */ = {isa = PBXFileReference; lastKnownFileType = sourcecode.swift; path = MedieumWidgetView.swift; sourceTree = "<group>"; };
		054D3E5829CF2A6300E1CAC0 /* SmallWidgetView.swift */ = {isa = PBXFileReference; lastKnownFileType = sourcecode.swift; path = SmallWidgetView.swift; sourceTree = "<group>"; };
		054D3E6129CF408A00E1CAC0 /* WidgetCoreDataManager.swift */ = {isa = PBXFileReference; lastKnownFileType = sourcecode.swift; path = WidgetCoreDataManager.swift; sourceTree = "<group>"; };
		054D3E6429CFDF9E00E1CAC0 /* TaiwanWeatherWidgetIntent.intentdefinition */ = {isa = PBXFileReference; lastKnownFileType = file.intentdefinition; path = TaiwanWeatherWidgetIntent.intentdefinition; sourceTree = "<group>"; };
		054D3E6B29CFE0EE00E1CAC0 /* TaiwanWeatherWidgetIntent.appex */ = {isa = PBXFileReference; explicitFileType = "wrapper.app-extension"; includeInIndex = 0; path = TaiwanWeatherWidgetIntent.appex; sourceTree = BUILT_PRODUCTS_DIR; };
		054D3E6C29CFE0EE00E1CAC0 /* Intents.framework */ = {isa = PBXFileReference; lastKnownFileType = wrapper.framework; name = Intents.framework; path = System/Library/Frameworks/Intents.framework; sourceTree = SDKROOT; };
		054D3E6F29CFE0EE00E1CAC0 /* IntentHandler.swift */ = {isa = PBXFileReference; lastKnownFileType = sourcecode.swift; path = IntentHandler.swift; sourceTree = "<group>"; };
		054D3E7129CFE0EE00E1CAC0 /* Info.plist */ = {isa = PBXFileReference; lastKnownFileType = text.plist.xml; path = Info.plist; sourceTree = "<group>"; };
		054D3E7829CFE11400E1CAC0 /* TaiwanWeatherWidgetIntent.entitlements */ = {isa = PBXFileReference; lastKnownFileType = text.plist.entitlements; path = TaiwanWeatherWidgetIntent.entitlements; sourceTree = "<group>"; };
		05A83FFF29CBEE2500327C60 /* WeatherInfoModel.swift */ = {isa = PBXFileReference; lastKnownFileType = sourcecode.swift; path = WeatherInfoModel.swift; sourceTree = "<group>"; };
		05C62C6629C6EB59007CFE8F /* TaiwanWeatherWidget.app */ = {isa = PBXFileReference; explicitFileType = wrapper.application; includeInIndex = 0; path = TaiwanWeatherWidget.app; sourceTree = BUILT_PRODUCTS_DIR; };
		05C62C6929C6EB59007CFE8F /* TaiwanWeatherWidgetApp.swift */ = {isa = PBXFileReference; lastKnownFileType = sourcecode.swift; path = TaiwanWeatherWidgetApp.swift; sourceTree = "<group>"; };
		05C62C6D29C6EB5B007CFE8F /* Assets.xcassets */ = {isa = PBXFileReference; lastKnownFileType = folder.assetcatalog; path = Assets.xcassets; sourceTree = "<group>"; };
		05C62C7029C6EB5B007CFE8F /* Preview Assets.xcassets */ = {isa = PBXFileReference; lastKnownFileType = folder.assetcatalog; path = "Preview Assets.xcassets"; sourceTree = "<group>"; };
		05C62C7A29C6EBF5007CFE8F /* HomeView.swift */ = {isa = PBXFileReference; lastKnownFileType = sourcecode.swift; path = HomeView.swift; sourceTree = "<group>"; };
		05C62C7C29C6EC8A007CFE8F /* Info.plist */ = {isa = PBXFileReference; lastKnownFileType = text.plist; path = Info.plist; sourceTree = "<group>"; };
		05C62C7E29C6F7D8007CFE8F /* MainViewModel.swift */ = {isa = PBXFileReference; lastKnownFileType = sourcecode.swift; path = MainViewModel.swift; sourceTree = "<group>"; };
		05C62C8129C6FDF9007CFE8F /* AnimationCheckView.swift */ = {isa = PBXFileReference; lastKnownFileType = sourcecode.swift; path = AnimationCheckView.swift; sourceTree = "<group>"; };
		05C62C8729C703FF007CFE8F /* TaiwanWeatherWidgetExtensionExtension.appex */ = {isa = PBXFileReference; explicitFileType = "wrapper.app-extension"; includeInIndex = 0; path = TaiwanWeatherWidgetExtensionExtension.appex; sourceTree = BUILT_PRODUCTS_DIR; };
		05C62C8929C703FF007CFE8F /* WidgetKit.framework */ = {isa = PBXFileReference; lastKnownFileType = wrapper.framework; name = WidgetKit.framework; path = System/Library/Frameworks/WidgetKit.framework; sourceTree = SDKROOT; };
		05C62C8B29C70400007CFE8F /* SwiftUI.framework */ = {isa = PBXFileReference; lastKnownFileType = wrapper.framework; name = SwiftUI.framework; path = System/Library/Frameworks/SwiftUI.framework; sourceTree = SDKROOT; };
		05C62C8E29C70400007CFE8F /* TaiwanWeatherWidgetExtensionBundle.swift */ = {isa = PBXFileReference; lastKnownFileType = sourcecode.swift; path = TaiwanWeatherWidgetExtensionBundle.swift; sourceTree = "<group>"; };
		05C62C9029C70400007CFE8F /* TaiwanWeatherWidgetExtension.swift */ = {isa = PBXFileReference; lastKnownFileType = sourcecode.swift; path = TaiwanWeatherWidgetExtension.swift; sourceTree = "<group>"; };
		05C62C9229C70400007CFE8F /* Assets.xcassets */ = {isa = PBXFileReference; lastKnownFileType = folder.assetcatalog; path = Assets.xcassets; sourceTree = "<group>"; };
		05C62C9429C70400007CFE8F /* Info.plist */ = {isa = PBXFileReference; lastKnownFileType = text.plist.xml; path = Info.plist; sourceTree = "<group>"; };
		05C62C9C29C70570007CFE8F /* TaiwanWeatherWidget.entitlements */ = {isa = PBXFileReference; lastKnownFileType = text.plist.entitlements; path = TaiwanWeatherWidget.entitlements; sourceTree = "<group>"; };
		05C62C9D29C70582007CFE8F /* TaiwanWeatherWidgetExtensionExtension.entitlements */ = {isa = PBXFileReference; lastKnownFileType = text.plist.entitlements; path = TaiwanWeatherWidgetExtensionExtension.entitlements; sourceTree = "<group>"; };
		05E281AE29CB2DD300BBC58F /* DataCodeModel.swift */ = {isa = PBXFileReference; lastKnownFileType = sourcecode.swift; path = DataCodeModel.swift; sourceTree = "<group>"; };
		05F833CA29CB1CB5007F6394 /* SharedInfoManager.swift */ = {isa = PBXFileReference; lastKnownFileType = sourcecode.swift; path = SharedInfoManager.swift; sourceTree = "<group>"; };
		05F833CD29CB208A007F6394 /* LoadingView.swift */ = {isa = PBXFileReference; lastKnownFileType = sourcecode.swift; path = LoadingView.swift; sourceTree = "<group>"; };
		05F833CF29CB20A0007F6394 /* ErrorMessageShowView.swift */ = {isa = PBXFileReference; lastKnownFileType = sourcecode.swift; path = ErrorMessageShowView.swift; sourceTree = "<group>"; };
		05F833D229CB20CC007F6394 /* TransparentBackground.swift */ = {isa = PBXFileReference; lastKnownFileType = sourcecode.swift; path = TransparentBackground.swift; sourceTree = "<group>"; };
		3FCA4DBD4E7518F42F2B2FE1 /* Pods_TaiwanWeatherWidget.framework */ = {isa = PBXFileReference; explicitFileType = wrapper.framework; includeInIndex = 0; path = Pods_TaiwanWeatherWidget.framework; sourceTree = BUILT_PRODUCTS_DIR; };
		5BB4AED8F56B3C418F728070 /* Pods_TaiwanWeatherWidgetIntent.framework */ = {isa = PBXFileReference; explicitFileType = wrapper.framework; includeInIndex = 0; path = Pods_TaiwanWeatherWidgetIntent.framework; sourceTree = BUILT_PRODUCTS_DIR; };
		6D6D55A692B18CAEDA2F43F4 /* Pods-TaiwanWeatherWidgetExtensionExtension.release.xcconfig */ = {isa = PBXFileReference; includeInIndex = 1; lastKnownFileType = text.xcconfig; name = "Pods-TaiwanWeatherWidgetExtensionExtension.release.xcconfig"; path = "Target Support Files/Pods-TaiwanWeatherWidgetExtensionExtension/Pods-TaiwanWeatherWidgetExtensionExtension.release.xcconfig"; sourceTree = "<group>"; };
		72AE7B7424A8369A83D2E221 /* Pods-TaiwanWeatherWidgetExtensionExtension.debug.xcconfig */ = {isa = PBXFileReference; includeInIndex = 1; lastKnownFileType = text.xcconfig; name = "Pods-TaiwanWeatherWidgetExtensionExtension.debug.xcconfig"; path = "Target Support Files/Pods-TaiwanWeatherWidgetExtensionExtension/Pods-TaiwanWeatherWidgetExtensionExtension.debug.xcconfig"; sourceTree = "<group>"; };
		BBEEA2BA582284583891377B /* Pods-TaiwanWeatherWidget.debug.xcconfig */ = {isa = PBXFileReference; includeInIndex = 1; lastKnownFileType = text.xcconfig; name = "Pods-TaiwanWeatherWidget.debug.xcconfig"; path = "Target Support Files/Pods-TaiwanWeatherWidget/Pods-TaiwanWeatherWidget.debug.xcconfig"; sourceTree = "<group>"; };
		C9B11B466850483C64147A7B /* Pods-TaiwanWeatherWidgetIntent.debug.xcconfig */ = {isa = PBXFileReference; includeInIndex = 1; lastKnownFileType = text.xcconfig; name = "Pods-TaiwanWeatherWidgetIntent.debug.xcconfig"; path = "Target Support Files/Pods-TaiwanWeatherWidgetIntent/Pods-TaiwanWeatherWidgetIntent.debug.xcconfig"; sourceTree = "<group>"; };
		D88F11A44035833BB4CE0C9D /* Pods-TaiwanWeatherWidgetIntent.release.xcconfig */ = {isa = PBXFileReference; includeInIndex = 1; lastKnownFileType = text.xcconfig; name = "Pods-TaiwanWeatherWidgetIntent.release.xcconfig"; path = "Target Support Files/Pods-TaiwanWeatherWidgetIntent/Pods-TaiwanWeatherWidgetIntent.release.xcconfig"; sourceTree = "<group>"; };
		E6BC324ACA82644C985ACE9A /* Pods-TaiwanWeatherWidget.release.xcconfig */ = {isa = PBXFileReference; includeInIndex = 1; lastKnownFileType = text.xcconfig; name = "Pods-TaiwanWeatherWidget.release.xcconfig"; path = "Target Support Files/Pods-TaiwanWeatherWidget/Pods-TaiwanWeatherWidget.release.xcconfig"; sourceTree = "<group>"; };
		F2C1912DD1CF4242EF43743B /* Pods_TaiwanWeatherWidgetExtensionExtension.framework */ = {isa = PBXFileReference; explicitFileType = wrapper.framework; includeInIndex = 0; path = Pods_TaiwanWeatherWidgetExtensionExtension.framework; sourceTree = BUILT_PRODUCTS_DIR; };
/* End PBXFileReference section */

/* Begin PBXFrameworksBuildPhase section */
		054D3E6829CFE0EE00E1CAC0 /* Frameworks */ = {
			isa = PBXFrameworksBuildPhase;
			buildActionMask = 2147483647;
			files = (
				054D3E6D29CFE0EE00E1CAC0 /* Intents.framework in Frameworks */,
				2786EA643FB8F67E232DA27A /* Pods_TaiwanWeatherWidgetIntent.framework in Frameworks */,
			);
			runOnlyForDeploymentPostprocessing = 0;
		};
		05C62C6329C6EB59007CFE8F /* Frameworks */ = {
			isa = PBXFrameworksBuildPhase;
			buildActionMask = 2147483647;
			files = (
				5354F862AC993D4A367FE59B /* Pods_TaiwanWeatherWidget.framework in Frameworks */,
			);
			runOnlyForDeploymentPostprocessing = 0;
		};
		05C62C8429C703FF007CFE8F /* Frameworks */ = {
			isa = PBXFrameworksBuildPhase;
			buildActionMask = 2147483647;
			files = (
				05C62C8C29C70400007CFE8F /* SwiftUI.framework in Frameworks */,
				05C62C8A29C70400007CFE8F /* WidgetKit.framework in Frameworks */,
				BFF572A21746FCF19D5784E6 /* Pods_TaiwanWeatherWidgetExtensionExtension.framework in Frameworks */,
			);
			runOnlyForDeploymentPostprocessing = 0;
		};
/* End PBXFrameworksBuildPhase section */

/* Begin PBXGroup section */
		050198FC29D02E0000792453 /* Ad */ = {
			isa = PBXGroup;
			children = (
				050198FD29D02E0C00792453 /* AdBannderView.swift */,
			);
			path = Ad;
			sourceTree = "<group>";
		};
		054D3E5729CF2A4E00E1CAC0 /* View */ = {
			isa = PBXGroup;
			children = (
				054D3E5829CF2A6300E1CAC0 /* SmallWidgetView.swift */,
				054D3E5529CF28FD00E1CAC0 /* MedieumWidgetView.swift */,
			);
			path = View;
			sourceTree = "<group>";
		};
		054D3E6E29CFE0EE00E1CAC0 /* TaiwanWeatherWidgetIntent */ = {
			isa = PBXGroup;
			children = (
				054D3E7829CFE11400E1CAC0 /* TaiwanWeatherWidgetIntent.entitlements */,
				054D3E6F29CFE0EE00E1CAC0 /* IntentHandler.swift */,
				054D3E7129CFE0EE00E1CAC0 /* Info.plist */,
			);
			path = TaiwanWeatherWidgetIntent;
			sourceTree = "<group>";
		};
		05A83FFE29CBEE0A00327C60 /* Model */ = {
			isa = PBXGroup;
			children = (
				05A83FFF29CBEE2500327C60 /* WeatherInfoModel.swift */,
			);
			path = Model;
			sourceTree = "<group>";
		};
		05C62C5D29C6EB59007CFE8F = {
			isa = PBXGroup;
			children = (
				05C62C9D29C70582007CFE8F /* TaiwanWeatherWidgetExtensionExtension.entitlements */,
				05C62C6829C6EB59007CFE8F /* TaiwanWeatherWidget */,
				05C62C8D29C70400007CFE8F /* TaiwanWeatherWidgetExtension */,
				054D3E6E29CFE0EE00E1CAC0 /* TaiwanWeatherWidgetIntent */,
				05C62C8829C703FF007CFE8F /* Frameworks */,
				05C62C6729C6EB59007CFE8F /* Products */,
				7CAABAC6F99600CA383461F7 /* Pods */,
			);
			sourceTree = "<group>";
		};
		05C62C6729C6EB59007CFE8F /* Products */ = {
			isa = PBXGroup;
			children = (
				05C62C6629C6EB59007CFE8F /* TaiwanWeatherWidget.app */,
				05C62C8729C703FF007CFE8F /* TaiwanWeatherWidgetExtensionExtension.appex */,
				054D3E6B29CFE0EE00E1CAC0 /* TaiwanWeatherWidgetIntent.appex */,
			);
			name = Products;
			sourceTree = "<group>";
		};
		05C62C6829C6EB59007CFE8F /* TaiwanWeatherWidget */ = {
			isa = PBXGroup;
			children = (
				05C62C9C29C70570007CFE8F /* TaiwanWeatherWidget.entitlements */,
				05C62C7C29C6EC8A007CFE8F /* Info.plist */,
				05F833D429CB2D96007F6394 /* DataCode */,
				05F833D129CB20C4007F6394 /* Extensions */,
				05C62C9E29C71BAD007CFE8F /* Manager */,
				05F833C929CB1CA1007F6394 /* SharedInfo */,
				05C62C7729C6EBB5007CFE8F /* Core */,
				05C62C6929C6EB59007CFE8F /* TaiwanWeatherWidgetApp.swift */,
				05C62C6D29C6EB5B007CFE8F /* Assets.xcassets */,
				053EA4F729C723A400BF19E1 /* TaiwanWeatherWidget.xcdatamodeld */,
				05C62C6F29C6EB5B007CFE8F /* Preview Content */,
			);
			path = TaiwanWeatherWidget;
			sourceTree = "<group>";
		};
		05C62C6F29C6EB5B007CFE8F /* Preview Content */ = {
			isa = PBXGroup;
			children = (
				05C62C7029C6EB5B007CFE8F /* Preview Assets.xcassets */,
			);
			path = "Preview Content";
			sourceTree = "<group>";
		};
		05C62C7729C6EBB5007CFE8F /* Core */ = {
			isa = PBXGroup;
			children = (
				050198FC29D02E0000792453 /* Ad */,
				05C62C8029C6FDE7007CFE8F /* CommonView */,
				05C62C7829C6EBD5007CFE8F /* Home */,
			);
			path = Core;
			sourceTree = "<group>";
		};
		05C62C7829C6EBD5007CFE8F /* Home */ = {
			isa = PBXGroup;
			children = (
				05A83FFE29CBEE0A00327C60 /* Model */,
				05C62C7D29C6F7D0007CFE8F /* ViewModel */,
				05C62C7929C6EBEB007CFE8F /* View */,
			);
			path = Home;
			sourceTree = "<group>";
		};
		05C62C7929C6EBEB007CFE8F /* View */ = {
			isa = PBXGroup;
			children = (
				05C62C7A29C6EBF5007CFE8F /* HomeView.swift */,
			);
			path = View;
			sourceTree = "<group>";
		};
		05C62C7D29C6F7D0007CFE8F /* ViewModel */ = {
			isa = PBXGroup;
			children = (
				05C62C7E29C6F7D8007CFE8F /* MainViewModel.swift */,
			);
			path = ViewModel;
			sourceTree = "<group>";
		};
		05C62C8029C6FDE7007CFE8F /* CommonView */ = {
			isa = PBXGroup;
			children = (
				05C62C8129C6FDF9007CFE8F /* AnimationCheckView.swift */,
				05F833CD29CB208A007F6394 /* LoadingView.swift */,
				05F833CF29CB20A0007F6394 /* ErrorMessageShowView.swift */,
			);
			path = CommonView;
			sourceTree = "<group>";
		};
		05C62C8829C703FF007CFE8F /* Frameworks */ = {
			isa = PBXGroup;
			children = (
				05C62C8929C703FF007CFE8F /* WidgetKit.framework */,
				05C62C8B29C70400007CFE8F /* SwiftUI.framework */,
				054D3E6C29CFE0EE00E1CAC0 /* Intents.framework */,
				3FCA4DBD4E7518F42F2B2FE1 /* Pods_TaiwanWeatherWidget.framework */,
				F2C1912DD1CF4242EF43743B /* Pods_TaiwanWeatherWidgetExtensionExtension.framework */,
				5BB4AED8F56B3C418F728070 /* Pods_TaiwanWeatherWidgetIntent.framework */,
			);
			name = Frameworks;
			sourceTree = "<group>";
		};
		05C62C8D29C70400007CFE8F /* TaiwanWeatherWidgetExtension */ = {
			isa = PBXGroup;
			children = (
				05C62C8E29C70400007CFE8F /* TaiwanWeatherWidgetExtensionBundle.swift */,
				05C62C9029C70400007CFE8F /* TaiwanWeatherWidgetExtension.swift */,
				054D3E4B29CDEB4C00E1CAC0 /* ProviderManager.swift */,
				054D3E6129CF408A00E1CAC0 /* WidgetCoreDataManager.swift */,
				054D3E5729CF2A4E00E1CAC0 /* View */,
				05C62C9229C70400007CFE8F /* Assets.xcassets */,
				05C62C9429C70400007CFE8F /* Info.plist */,
				054D3E6429CFDF9E00E1CAC0 /* TaiwanWeatherWidgetIntent.intentdefinition */,
			);
			path = TaiwanWeatherWidgetExtension;
			sourceTree = "<group>";
		};
		05C62C9E29C71BAD007CFE8F /* Manager */ = {
			isa = PBXGroup;
			children = (
				053EA4F429C71C1900BF19E1 /* CoreDataManager.swift */,
				053EA4FB29C72E9200BF19E1 /* WeatherApiManager.swift */,
			);
			path = Manager;
			sourceTree = "<group>";
		};
		05F833C929CB1CA1007F6394 /* SharedInfo */ = {
			isa = PBXGroup;
			children = (
				05F833CA29CB1CB5007F6394 /* SharedInfoManager.swift */,
			);
			path = SharedInfo;
			sourceTree = "<group>";
		};
		05F833D129CB20C4007F6394 /* Extensions */ = {
			isa = PBXGroup;
			children = (
				05F833D229CB20CC007F6394 /* TransparentBackground.swift */,
				054D3E4729CC96C700E1CAC0 /* DateExtension.swift */,
				054D3E4929CDC29900E1CAC0 /* ColorExtenstion.swift */,
			);
			path = Extensions;
			sourceTree = "<group>";
		};
		05F833D429CB2D96007F6394 /* DataCode */ = {
			isa = PBXGroup;
			children = (
				05E281AE29CB2DD300BBC58F /* DataCodeModel.swift */,
			);
			path = DataCode;
			sourceTree = "<group>";
		};
		7CAABAC6F99600CA383461F7 /* Pods */ = {
			isa = PBXGroup;
			children = (
				BBEEA2BA582284583891377B /* Pods-TaiwanWeatherWidget.debug.xcconfig */,
				E6BC324ACA82644C985ACE9A /* Pods-TaiwanWeatherWidget.release.xcconfig */,
				72AE7B7424A8369A83D2E221 /* Pods-TaiwanWeatherWidgetExtensionExtension.debug.xcconfig */,
				6D6D55A692B18CAEDA2F43F4 /* Pods-TaiwanWeatherWidgetExtensionExtension.release.xcconfig */,
				C9B11B466850483C64147A7B /* Pods-TaiwanWeatherWidgetIntent.debug.xcconfig */,
				D88F11A44035833BB4CE0C9D /* Pods-TaiwanWeatherWidgetIntent.release.xcconfig */,
			);
			path = Pods;
			sourceTree = "<group>";
		};
/* End PBXGroup section */

/* Begin PBXNativeTarget section */
		054D3E6A29CFE0EE00E1CAC0 /* TaiwanWeatherWidgetIntent */ = {
			isa = PBXNativeTarget;
			buildConfigurationList = 054D3E7529CFE0EE00E1CAC0 /* Build configuration list for PBXNativeTarget "TaiwanWeatherWidgetIntent" */;
			buildPhases = (
				9812835115E73A37ED2464EB /* [CP] Check Pods Manifest.lock */,
				054D3E6729CFE0EE00E1CAC0 /* Sources */,
				054D3E6829CFE0EE00E1CAC0 /* Frameworks */,
				054D3E6929CFE0EE00E1CAC0 /* Resources */,
			);
			buildRules = (
			);
			dependencies = (
			);
			name = TaiwanWeatherWidgetIntent;
			productName = TaiwanWeatherWidgetIntent;
			productReference = 054D3E6B29CFE0EE00E1CAC0 /* TaiwanWeatherWidgetIntent.appex */;
			productType = "com.apple.product-type.app-extension";
		};
		05C62C6529C6EB59007CFE8F /* TaiwanWeatherWidget */ = {
			isa = PBXNativeTarget;
			buildConfigurationList = 05C62C7429C6EB5B007CFE8F /* Build configuration list for PBXNativeTarget "TaiwanWeatherWidget" */;
			buildPhases = (
				DD083EFEB37ECD2AE4161598 /* [CP] Check Pods Manifest.lock */,
				05C62C6229C6EB59007CFE8F /* Sources */,
				05C62C6329C6EB59007CFE8F /* Frameworks */,
				05C62C6429C6EB59007CFE8F /* Resources */,
				05C62C9B29C70400007CFE8F /* Embed Foundation Extensions */,
				646B0C693436B2D1B2511EED /* [CP] Embed Pods Frameworks */,
			);
			buildRules = (
			);
			dependencies = (
				05C62C9629C70400007CFE8F /* PBXTargetDependency */,
				054D3E7329CFE0EE00E1CAC0 /* PBXTargetDependency */,
			);
			name = TaiwanWeatherWidget;
			productName = TaiwanWeatherWidget;
			productReference = 05C62C6629C6EB59007CFE8F /* TaiwanWeatherWidget.app */;
			productType = "com.apple.product-type.application";
		};
		05C62C8629C703FF007CFE8F /* TaiwanWeatherWidgetExtensionExtension */ = {
			isa = PBXNativeTarget;
			buildConfigurationList = 05C62C9829C70400007CFE8F /* Build configuration list for PBXNativeTarget "TaiwanWeatherWidgetExtensionExtension" */;
			buildPhases = (
				8138319182F739D667B7CD20 /* [CP] Check Pods Manifest.lock */,
				05C62C8329C703FF007CFE8F /* Sources */,
				05C62C8429C703FF007CFE8F /* Frameworks */,
				05C62C8529C703FF007CFE8F /* Resources */,
			);
			buildRules = (
			);
			dependencies = (
			);
			name = TaiwanWeatherWidgetExtensionExtension;
			productName = TaiwanWeatherWidgetExtensionExtension;
			productReference = 05C62C8729C703FF007CFE8F /* TaiwanWeatherWidgetExtensionExtension.appex */;
			productType = "com.apple.product-type.app-extension";
		};
/* End PBXNativeTarget section */

/* Begin PBXProject section */
		05C62C5E29C6EB59007CFE8F /* Project object */ = {
			isa = PBXProject;
			attributes = {
				BuildIndependentTargetsInParallel = 1;
				LastSwiftUpdateCheck = 1420;
				LastUpgradeCheck = 1420;
				TargetAttributes = {
					054D3E6A29CFE0EE00E1CAC0 = {
						CreatedOnToolsVersion = 14.2;
					};
					05C62C6529C6EB59007CFE8F = {
						CreatedOnToolsVersion = 14.2;
					};
					05C62C8629C703FF007CFE8F = {
						CreatedOnToolsVersion = 14.2;
					};
				};
			};
			buildConfigurationList = 05C62C6129C6EB59007CFE8F /* Build configuration list for PBXProject "TaiwanWeatherWidget" */;
			compatibilityVersion = "Xcode 14.0";
			developmentRegion = en;
			hasScannedForEncodings = 0;
			knownRegions = (
				en,
				Base,
			);
			mainGroup = 05C62C5D29C6EB59007CFE8F;
			productRefGroup = 05C62C6729C6EB59007CFE8F /* Products */;
			projectDirPath = "";
			projectRoot = "";
			targets = (
				05C62C6529C6EB59007CFE8F /* TaiwanWeatherWidget */,
				05C62C8629C703FF007CFE8F /* TaiwanWeatherWidgetExtensionExtension */,
				054D3E6A29CFE0EE00E1CAC0 /* TaiwanWeatherWidgetIntent */,
			);
		};
/* End PBXProject section */

/* Begin PBXResourcesBuildPhase section */
		054D3E6929CFE0EE00E1CAC0 /* Resources */ = {
			isa = PBXResourcesBuildPhase;
			buildActionMask = 2147483647;
			files = (
			);
			runOnlyForDeploymentPostprocessing = 0;
		};
		05C62C6429C6EB59007CFE8F /* Resources */ = {
			isa = PBXResourcesBuildPhase;
			buildActionMask = 2147483647;
			files = (
				05C62C7129C6EB5B007CFE8F /* Preview Assets.xcassets in Resources */,
				05C62C6E29C6EB5B007CFE8F /* Assets.xcassets in Resources */,
			);
			runOnlyForDeploymentPostprocessing = 0;
		};
		05C62C8529C703FF007CFE8F /* Resources */ = {
			isa = PBXResourcesBuildPhase;
			buildActionMask = 2147483647;
			files = (
				05C62C9329C70400007CFE8F /* Assets.xcassets in Resources */,
			);
			runOnlyForDeploymentPostprocessing = 0;
		};
/* End PBXResourcesBuildPhase section */

/* Begin PBXShellScriptBuildPhase section */
		646B0C693436B2D1B2511EED /* [CP] Embed Pods Frameworks */ = {
			isa = PBXShellScriptBuildPhase;
			buildActionMask = 2147483647;
			files = (
			);
			inputFileListPaths = (
				"${PODS_ROOT}/Target Support Files/Pods-TaiwanWeatherWidget/Pods-TaiwanWeatherWidget-frameworks-${CONFIGURATION}-input-files.xcfilelist",
			);
			name = "[CP] Embed Pods Frameworks";
			outputFileListPaths = (
				"${PODS_ROOT}/Target Support Files/Pods-TaiwanWeatherWidget/Pods-TaiwanWeatherWidget-frameworks-${CONFIGURATION}-output-files.xcfilelist",
			);
			runOnlyForDeploymentPostprocessing = 0;
			shellPath = /bin/sh;
			shellScript = "\"${PODS_ROOT}/Target Support Files/Pods-TaiwanWeatherWidget/Pods-TaiwanWeatherWidget-frameworks.sh\"\n";
			showEnvVarsInLog = 0;
		};
		8138319182F739D667B7CD20 /* [CP] Check Pods Manifest.lock */ = {
			isa = PBXShellScriptBuildPhase;
			buildActionMask = 2147483647;
			files = (
			);
			inputFileListPaths = (
			);
			inputPaths = (
				"${PODS_PODFILE_DIR_PATH}/Podfile.lock",
				"${PODS_ROOT}/Manifest.lock",
			);
			name = "[CP] Check Pods Manifest.lock";
			outputFileListPaths = (
			);
			outputPaths = (
				"$(DERIVED_FILE_DIR)/Pods-TaiwanWeatherWidgetExtensionExtension-checkManifestLockResult.txt",
			);
			runOnlyForDeploymentPostprocessing = 0;
			shellPath = /bin/sh;
			shellScript = "diff \"${PODS_PODFILE_DIR_PATH}/Podfile.lock\" \"${PODS_ROOT}/Manifest.lock\" > /dev/null\nif [ $? != 0 ] ; then\n    # print error to STDERR\n    echo \"error: The sandbox is not in sync with the Podfile.lock. Run 'pod install' or update your CocoaPods installation.\" >&2\n    exit 1\nfi\n# This output is used by Xcode 'outputs' to avoid re-running this script phase.\necho \"SUCCESS\" > \"${SCRIPT_OUTPUT_FILE_0}\"\n";
			showEnvVarsInLog = 0;
		};
		9812835115E73A37ED2464EB /* [CP] Check Pods Manifest.lock */ = {
			isa = PBXShellScriptBuildPhase;
			buildActionMask = 2147483647;
			files = (
			);
			inputFileListPaths = (
			);
			inputPaths = (
				"${PODS_PODFILE_DIR_PATH}/Podfile.lock",
				"${PODS_ROOT}/Manifest.lock",
			);
			name = "[CP] Check Pods Manifest.lock";
			outputFileListPaths = (
			);
			outputPaths = (
				"$(DERIVED_FILE_DIR)/Pods-TaiwanWeatherWidgetIntent-checkManifestLockResult.txt",
			);
			runOnlyForDeploymentPostprocessing = 0;
			shellPath = /bin/sh;
			shellScript = "diff \"${PODS_PODFILE_DIR_PATH}/Podfile.lock\" \"${PODS_ROOT}/Manifest.lock\" > /dev/null\nif [ $? != 0 ] ; then\n    # print error to STDERR\n    echo \"error: The sandbox is not in sync with the Podfile.lock. Run 'pod install' or update your CocoaPods installation.\" >&2\n    exit 1\nfi\n# This output is used by Xcode 'outputs' to avoid re-running this script phase.\necho \"SUCCESS\" > \"${SCRIPT_OUTPUT_FILE_0}\"\n";
			showEnvVarsInLog = 0;
		};
		DD083EFEB37ECD2AE4161598 /* [CP] Check Pods Manifest.lock */ = {
			isa = PBXShellScriptBuildPhase;
			buildActionMask = 2147483647;
			files = (
			);
			inputFileListPaths = (
			);
			inputPaths = (
				"${PODS_PODFILE_DIR_PATH}/Podfile.lock",
				"${PODS_ROOT}/Manifest.lock",
			);
			name = "[CP] Check Pods Manifest.lock";
			outputFileListPaths = (
			);
			outputPaths = (
				"$(DERIVED_FILE_DIR)/Pods-TaiwanWeatherWidget-checkManifestLockResult.txt",
			);
			runOnlyForDeploymentPostprocessing = 0;
			shellPath = /bin/sh;
			shellScript = "diff \"${PODS_PODFILE_DIR_PATH}/Podfile.lock\" \"${PODS_ROOT}/Manifest.lock\" > /dev/null\nif [ $? != 0 ] ; then\n    # print error to STDERR\n    echo \"error: The sandbox is not in sync with the Podfile.lock. Run 'pod install' or update your CocoaPods installation.\" >&2\n    exit 1\nfi\n# This output is used by Xcode 'outputs' to avoid re-running this script phase.\necho \"SUCCESS\" > \"${SCRIPT_OUTPUT_FILE_0}\"\n";
			showEnvVarsInLog = 0;
		};
/* End PBXShellScriptBuildPhase section */

/* Begin PBXSourcesBuildPhase section */
		054D3E6729CFE0EE00E1CAC0 /* Sources */ = {
			isa = PBXSourcesBuildPhase;
			buildActionMask = 2147483647;
			files = (
				050198FB29CFF3F100792453 /* TaiwanWeatherWidget.xcdatamodeld in Sources */,
				054D3E7029CFE0EE00E1CAC0 /* IntentHandler.swift in Sources */,
				054D3E7929CFE1DB00E1CAC0 /* TaiwanWeatherWidgetIntent.intentdefinition in Sources */,
				050198FA29CFF39100792453 /* CoreDataManager.swift in Sources */,
				054D3E7A29CFE24600E1CAC0 /* DataCodeModel.swift in Sources */,
			);
			runOnlyForDeploymentPostprocessing = 0;
		};
		05C62C6229C6EB59007CFE8F /* Sources */ = {
			isa = PBXSourcesBuildPhase;
			buildActionMask = 2147483647;
			files = (
				054D3E6329CF40BE00E1CAC0 /* WidgetCoreDataManager.swift in Sources */,
				05F833D029CB20A0007F6394 /* ErrorMessageShowView.swift in Sources */,
				054D3E4829CC96C700E1CAC0 /* DateExtension.swift in Sources */,
				05C62C8229C6FDF9007CFE8F /* AnimationCheckView.swift in Sources */,
				05C62C7B29C6EBF5007CFE8F /* HomeView.swift in Sources */,
				05C62C6A29C6EB59007CFE8F /* TaiwanWeatherWidgetApp.swift in Sources */,
				05A8400029CBEE2500327C60 /* WeatherInfoModel.swift in Sources */,
				054D3E4C29CDEB4C00E1CAC0 /* ProviderManager.swift in Sources */,
				05F833CB29CB1CB5007F6394 /* SharedInfoManager.swift in Sources */,
				05F833D329CB20CC007F6394 /* TransparentBackground.swift in Sources */,
				053EA4F529C71C1900BF19E1 /* CoreDataManager.swift in Sources */,
				054D3E6529CFDF9E00E1CAC0 /* TaiwanWeatherWidgetIntent.intentdefinition in Sources */,
				054D3E4A29CDC29900E1CAC0 /* ColorExtenstion.swift in Sources */,
				05E281AF29CB2DD300BBC58F /* DataCodeModel.swift in Sources */,
				053EA4F929C723A400BF19E1 /* TaiwanWeatherWidget.xcdatamodeld in Sources */,
				053EA4FC29C72E9200BF19E1 /* WeatherApiManager.swift in Sources */,
				05C62C7F29C6F7D8007CFE8F /* MainViewModel.swift in Sources */,
				05F833CE29CB208A007F6394 /* LoadingView.swift in Sources */,
				050198FE29D02E0C00792453 /* AdBannderView.swift in Sources */,
			);
			runOnlyForDeploymentPostprocessing = 0;
		};
		05C62C8329C703FF007CFE8F /* Sources */ = {
			isa = PBXSourcesBuildPhase;
			buildActionMask = 2147483647;
			files = (
				054D3E4F29CDF1CE00E1CAC0 /* WeatherInfoModel.swift in Sources */,
				054D3E5029CF0F1F00E1CAC0 /* DateExtension.swift in Sources */,
				054D3E6229CF408A00E1CAC0 /* WidgetCoreDataManager.swift in Sources */,
				053EA4FA29C723A400BF19E1 /* TaiwanWeatherWidget.xcdatamodeld in Sources */,
				054D3E5629CF28FD00E1CAC0 /* MedieumWidgetView.swift in Sources */,
				053EA4F629C71C1900BF19E1 /* CoreDataManager.swift in Sources */,
				054D3E5429CF222300E1CAC0 /* ColorExtenstion.swift in Sources */,
				05F833CC29CB1FA9007F6394 /* SharedInfoManager.swift in Sources */,
				054D3E5A29CF33F300E1CAC0 /* MainViewModel.swift in Sources */,
				053EA4FD29C72E9200BF19E1 /* WeatherApiManager.swift in Sources */,
				054D3E4E29CDF1C200E1CAC0 /* DataCodeModel.swift in Sources */,
				054D3E4D29CDEB7400E1CAC0 /* ProviderManager.swift in Sources */,
				05C62C9129C70400007CFE8F /* TaiwanWeatherWidgetExtension.swift in Sources */,
				054D3E6629CFDF9E00E1CAC0 /* TaiwanWeatherWidgetIntent.intentdefinition in Sources */,
				054D3E5929CF2A6300E1CAC0 /* SmallWidgetView.swift in Sources */,
				05C62C8F29C70400007CFE8F /* TaiwanWeatherWidgetExtensionBundle.swift in Sources */,
			);
			runOnlyForDeploymentPostprocessing = 0;
		};
/* End PBXSourcesBuildPhase section */

/* Begin PBXTargetDependency section */
		054D3E7329CFE0EE00E1CAC0 /* PBXTargetDependency */ = {
			isa = PBXTargetDependency;
			target = 054D3E6A29CFE0EE00E1CAC0 /* TaiwanWeatherWidgetIntent */;
			targetProxy = 054D3E7229CFE0EE00E1CAC0 /* PBXContainerItemProxy */;
		};
		05C62C9629C70400007CFE8F /* PBXTargetDependency */ = {
			isa = PBXTargetDependency;
			target = 05C62C8629C703FF007CFE8F /* TaiwanWeatherWidgetExtensionExtension */;
			targetProxy = 05C62C9529C70400007CFE8F /* PBXContainerItemProxy */;
		};
/* End PBXTargetDependency section */

/* Begin XCBuildConfiguration section */
		054D3E7629CFE0EE00E1CAC0 /* Debug */ = {
			isa = XCBuildConfiguration;
			baseConfigurationReference = C9B11B466850483C64147A7B /* Pods-TaiwanWeatherWidgetIntent.debug.xcconfig */;
			buildSettings = {
				CODE_SIGN_ENTITLEMENTS = TaiwanWeatherWidgetIntent/TaiwanWeatherWidgetIntent.entitlements;
				CODE_SIGN_STYLE = Automatic;
				CURRENT_PROJECT_VERSION = 3;
				DEVELOPMENT_TEAM = L4D6WNQFVL;
				GENERATE_INFOPLIST_FILE = YES;
				INFOPLIST_FILE = TaiwanWeatherWidgetIntent/Info.plist;
				INFOPLIST_KEY_CFBundleDisplayName = TaiwanWeatherWidgetIntent;
				INFOPLIST_KEY_NSHumanReadableCopyright = "";
				LD_RUNPATH_SEARCH_PATHS = (
					"$(inherited)",
					"@executable_path/Frameworks",
					"@executable_path/../../Frameworks",
				);
				MARKETING_VERSION = 1.0;
				PRODUCT_BUNDLE_IDENTIFIER = com.hungyen.TaiwanWeatherWidget.TaiwanWeatherWidgetIntent;
				PRODUCT_NAME = "$(TARGET_NAME)";
				SKIP_INSTALL = YES;
				SWIFT_EMIT_LOC_STRINGS = YES;
				SWIFT_VERSION = 5.0;
				TARGETED_DEVICE_FAMILY = "1,2";
			};
			name = Debug;
		};
		054D3E7729CFE0EE00E1CAC0 /* Release */ = {
			isa = XCBuildConfiguration;
			baseConfigurationReference = D88F11A44035833BB4CE0C9D /* Pods-TaiwanWeatherWidgetIntent.release.xcconfig */;
			buildSettings = {
				CODE_SIGN_ENTITLEMENTS = TaiwanWeatherWidgetIntent/TaiwanWeatherWidgetIntent.entitlements;
				CODE_SIGN_STYLE = Automatic;
				CURRENT_PROJECT_VERSION = 3;
				DEVELOPMENT_TEAM = L4D6WNQFVL;
				GENERATE_INFOPLIST_FILE = YES;
				INFOPLIST_FILE = TaiwanWeatherWidgetIntent/Info.plist;
				INFOPLIST_KEY_CFBundleDisplayName = TaiwanWeatherWidgetIntent;
				INFOPLIST_KEY_NSHumanReadableCopyright = "";
				LD_RUNPATH_SEARCH_PATHS = (
					"$(inherited)",
					"@executable_path/Frameworks",
					"@executable_path/../../Frameworks",
				);
				MARKETING_VERSION = 1.0;
				PRODUCT_BUNDLE_IDENTIFIER = com.hungyen.TaiwanWeatherWidget.TaiwanWeatherWidgetIntent;
				PRODUCT_NAME = "$(TARGET_NAME)";
				SKIP_INSTALL = YES;
				SWIFT_EMIT_LOC_STRINGS = YES;
				SWIFT_VERSION = 5.0;
				TARGETED_DEVICE_FAMILY = "1,2";
			};
			name = Release;
		};
		05C62C7229C6EB5B007CFE8F /* Debug */ = {
			isa = XCBuildConfiguration;
			buildSettings = {
				ALWAYS_SEARCH_USER_PATHS = NO;
				CLANG_ANALYZER_NONNULL = YES;
				CLANG_ANALYZER_NUMBER_OBJECT_CONVERSION = YES_AGGRESSIVE;
				CLANG_CXX_LANGUAGE_STANDARD = "gnu++20";
				CLANG_ENABLE_MODULES = YES;
				CLANG_ENABLE_OBJC_ARC = YES;
				CLANG_ENABLE_OBJC_WEAK = YES;
				CLANG_WARN_BLOCK_CAPTURE_AUTORELEASING = YES;
				CLANG_WARN_BOOL_CONVERSION = YES;
				CLANG_WARN_COMMA = YES;
				CLANG_WARN_CONSTANT_CONVERSION = YES;
				CLANG_WARN_DEPRECATED_OBJC_IMPLEMENTATIONS = YES;
				CLANG_WARN_DIRECT_OBJC_ISA_USAGE = YES_ERROR;
				CLANG_WARN_DOCUMENTATION_COMMENTS = YES;
				CLANG_WARN_EMPTY_BODY = YES;
				CLANG_WARN_ENUM_CONVERSION = YES;
				CLANG_WARN_INFINITE_RECURSION = YES;
				CLANG_WARN_INT_CONVERSION = YES;
				CLANG_WARN_NON_LITERAL_NULL_CONVERSION = YES;
				CLANG_WARN_OBJC_IMPLICIT_RETAIN_SELF = YES;
				CLANG_WARN_OBJC_LITERAL_CONVERSION = YES;
				CLANG_WARN_OBJC_ROOT_CLASS = YES_ERROR;
				CLANG_WARN_QUOTED_INCLUDE_IN_FRAMEWORK_HEADER = YES;
				CLANG_WARN_RANGE_LOOP_ANALYSIS = YES;
				CLANG_WARN_STRICT_PROTOTYPES = YES;
				CLANG_WARN_SUSPICIOUS_MOVE = YES;
				CLANG_WARN_UNGUARDED_AVAILABILITY = YES_AGGRESSIVE;
				CLANG_WARN_UNREACHABLE_CODE = YES;
				CLANG_WARN__DUPLICATE_METHOD_MATCH = YES;
				COPY_PHASE_STRIP = NO;
				DEBUG_INFORMATION_FORMAT = dwarf;
				ENABLE_STRICT_OBJC_MSGSEND = YES;
				ENABLE_TESTABILITY = YES;
				GCC_C_LANGUAGE_STANDARD = gnu11;
				GCC_DYNAMIC_NO_PIC = NO;
				GCC_NO_COMMON_BLOCKS = YES;
				GCC_OPTIMIZATION_LEVEL = 0;
				GCC_PREPROCESSOR_DEFINITIONS = (
					"DEBUG=1",
					"$(inherited)",
				);
				GCC_WARN_64_TO_32_BIT_CONVERSION = YES;
				GCC_WARN_ABOUT_RETURN_TYPE = YES_ERROR;
				GCC_WARN_UNDECLARED_SELECTOR = YES;
				GCC_WARN_UNINITIALIZED_AUTOS = YES_AGGRESSIVE;
				GCC_WARN_UNUSED_FUNCTION = YES;
				GCC_WARN_UNUSED_VARIABLE = YES;
				IPHONEOS_DEPLOYMENT_TARGET = 16.2;
				MTL_ENABLE_DEBUG_INFO = INCLUDE_SOURCE;
				MTL_FAST_MATH = YES;
				ONLY_ACTIVE_ARCH = YES;
				SDKROOT = iphoneos;
				SWIFT_ACTIVE_COMPILATION_CONDITIONS = DEBUG;
				SWIFT_OPTIMIZATION_LEVEL = "-Onone";
			};
			name = Debug;
		};
		05C62C7329C6EB5B007CFE8F /* Release */ = {
			isa = XCBuildConfiguration;
			buildSettings = {
				ALWAYS_SEARCH_USER_PATHS = NO;
				CLANG_ANALYZER_NONNULL = YES;
				CLANG_ANALYZER_NUMBER_OBJECT_CONVERSION = YES_AGGRESSIVE;
				CLANG_CXX_LANGUAGE_STANDARD = "gnu++20";
				CLANG_ENABLE_MODULES = YES;
				CLANG_ENABLE_OBJC_ARC = YES;
				CLANG_ENABLE_OBJC_WEAK = YES;
				CLANG_WARN_BLOCK_CAPTURE_AUTORELEASING = YES;
				CLANG_WARN_BOOL_CONVERSION = YES;
				CLANG_WARN_COMMA = YES;
				CLANG_WARN_CONSTANT_CONVERSION = YES;
				CLANG_WARN_DEPRECATED_OBJC_IMPLEMENTATIONS = YES;
				CLANG_WARN_DIRECT_OBJC_ISA_USAGE = YES_ERROR;
				CLANG_WARN_DOCUMENTATION_COMMENTS = YES;
				CLANG_WARN_EMPTY_BODY = YES;
				CLANG_WARN_ENUM_CONVERSION = YES;
				CLANG_WARN_INFINITE_RECURSION = YES;
				CLANG_WARN_INT_CONVERSION = YES;
				CLANG_WARN_NON_LITERAL_NULL_CONVERSION = YES;
				CLANG_WARN_OBJC_IMPLICIT_RETAIN_SELF = YES;
				CLANG_WARN_OBJC_LITERAL_CONVERSION = YES;
				CLANG_WARN_OBJC_ROOT_CLASS = YES_ERROR;
				CLANG_WARN_QUOTED_INCLUDE_IN_FRAMEWORK_HEADER = YES;
				CLANG_WARN_RANGE_LOOP_ANALYSIS = YES;
				CLANG_WARN_STRICT_PROTOTYPES = YES;
				CLANG_WARN_SUSPICIOUS_MOVE = YES;
				CLANG_WARN_UNGUARDED_AVAILABILITY = YES_AGGRESSIVE;
				CLANG_WARN_UNREACHABLE_CODE = YES;
				CLANG_WARN__DUPLICATE_METHOD_MATCH = YES;
				COPY_PHASE_STRIP = NO;
				DEBUG_INFORMATION_FORMAT = "dwarf-with-dsym";
				ENABLE_NS_ASSERTIONS = NO;
				ENABLE_STRICT_OBJC_MSGSEND = YES;
				GCC_C_LANGUAGE_STANDARD = gnu11;
				GCC_NO_COMMON_BLOCKS = YES;
				GCC_WARN_64_TO_32_BIT_CONVERSION = YES;
				GCC_WARN_ABOUT_RETURN_TYPE = YES_ERROR;
				GCC_WARN_UNDECLARED_SELECTOR = YES;
				GCC_WARN_UNINITIALIZED_AUTOS = YES_AGGRESSIVE;
				GCC_WARN_UNUSED_FUNCTION = YES;
				GCC_WARN_UNUSED_VARIABLE = YES;
				IPHONEOS_DEPLOYMENT_TARGET = 16.2;
				MTL_ENABLE_DEBUG_INFO = NO;
				MTL_FAST_MATH = YES;
				SDKROOT = iphoneos;
				SWIFT_COMPILATION_MODE = wholemodule;
				SWIFT_OPTIMIZATION_LEVEL = "-O";
				VALIDATE_PRODUCT = YES;
			};
			name = Release;
		};
		05C62C7529C6EB5B007CFE8F /* Debug */ = {
			isa = XCBuildConfiguration;
			baseConfigurationReference = BBEEA2BA582284583891377B /* Pods-TaiwanWeatherWidget.debug.xcconfig */;
			buildSettings = {
				ALWAYS_EMBED_SWIFT_STANDARD_LIBRARIES = YES;
				ASSETCATALOG_COMPILER_APPICON_NAME = AppIcon;
				ASSETCATALOG_COMPILER_GLOBAL_ACCENT_COLOR_NAME = AccentColor;
				CODE_SIGN_ENTITLEMENTS = TaiwanWeatherWidget/TaiwanWeatherWidget.entitlements;
				CODE_SIGN_STYLE = Automatic;
				CURRENT_PROJECT_VERSION = 2;
				DEVELOPMENT_ASSET_PATHS = "\"TaiwanWeatherWidget/Preview Content\"";
				DEVELOPMENT_TEAM = L4D6WNQFVL;
				ENABLE_PREVIEWS = YES;
				GENERATE_INFOPLIST_FILE = YES;
				INFOPLIST_FILE = TaiwanWeatherWidget/Info.plist;
				INFOPLIST_KEY_UIApplicationSupportsIndirectInputEvents = YES;
				INFOPLIST_KEY_UILaunchScreen_Generation = YES;
				INFOPLIST_KEY_UISupportedInterfaceOrientations = UIInterfaceOrientationPortrait;
				INFOPLIST_KEY_UISupportedInterfaceOrientations_iPad = "UIInterfaceOrientationLandscapeLeft UIInterfaceOrientationLandscapeRight UIInterfaceOrientationPortrait UIInterfaceOrientationPortraitUpsideDown";
				INFOPLIST_KEY_UIUserInterfaceStyle = Light;
				LD_RUNPATH_SEARCH_PATHS = (
					"$(inherited)",
					"@executable_path/Frameworks",
				);
				MARKETING_VERSION = 1.0;
				PRODUCT_BUNDLE_IDENTIFIER = com.hungyen.TaiwanWeatherWidget;
				PRODUCT_NAME = "$(TARGET_NAME)";
				SUPPORTED_PLATFORMS = "iphoneos iphonesimulator";
				SUPPORTS_MACCATALYST = NO;
				SUPPORTS_MAC_DESIGNED_FOR_IPHONE_IPAD = NO;
				SWIFT_EMIT_LOC_STRINGS = YES;
				SWIFT_VERSION = 5.0;
				TARGETED_DEVICE_FAMILY = 1;
			};
			name = Debug;
		};
		05C62C7629C6EB5B007CFE8F /* Release */ = {
			isa = XCBuildConfiguration;
			baseConfigurationReference = E6BC324ACA82644C985ACE9A /* Pods-TaiwanWeatherWidget.release.xcconfig */;
			buildSettings = {
				ALWAYS_EMBED_SWIFT_STANDARD_LIBRARIES = YES;
				ASSETCATALOG_COMPILER_APPICON_NAME = AppIcon;
				ASSETCATALOG_COMPILER_GLOBAL_ACCENT_COLOR_NAME = AccentColor;
				CODE_SIGN_ENTITLEMENTS = TaiwanWeatherWidget/TaiwanWeatherWidget.entitlements;
				CODE_SIGN_STYLE = Automatic;
				CURRENT_PROJECT_VERSION = 2;
				DEVELOPMENT_ASSET_PATHS = "\"TaiwanWeatherWidget/Preview Content\"";
				DEVELOPMENT_TEAM = L4D6WNQFVL;
				ENABLE_PREVIEWS = YES;
				GENERATE_INFOPLIST_FILE = YES;
				INFOPLIST_FILE = TaiwanWeatherWidget/Info.plist;
				INFOPLIST_KEY_UIApplicationSupportsIndirectInputEvents = YES;
				INFOPLIST_KEY_UILaunchScreen_Generation = YES;
				INFOPLIST_KEY_UISupportedInterfaceOrientations = UIInterfaceOrientationPortrait;
				INFOPLIST_KEY_UISupportedInterfaceOrientations_iPad = "UIInterfaceOrientationLandscapeLeft UIInterfaceOrientationLandscapeRight UIInterfaceOrientationPortrait UIInterfaceOrientationPortraitUpsideDown";
				INFOPLIST_KEY_UIUserInterfaceStyle = Light;
				LD_RUNPATH_SEARCH_PATHS = (
					"$(inherited)",
					"@executable_path/Frameworks",
				);
				MARKETING_VERSION = 1.0;
				PRODUCT_BUNDLE_IDENTIFIER = com.hungyen.TaiwanWeatherWidget;
				PRODUCT_NAME = "$(TARGET_NAME)";
				SUPPORTED_PLATFORMS = "iphoneos iphonesimulator";
				SUPPORTS_MACCATALYST = NO;
				SUPPORTS_MAC_DESIGNED_FOR_IPHONE_IPAD = NO;
				SWIFT_EMIT_LOC_STRINGS = YES;
				SWIFT_VERSION = 5.0;
				TARGETED_DEVICE_FAMILY = 1;
			};
			name = Release;
		};
		05C62C9929C70400007CFE8F /* Debug */ = {
			isa = XCBuildConfiguration;
			baseConfigurationReference = 72AE7B7424A8369A83D2E221 /* Pods-TaiwanWeatherWidgetExtensionExtension.debug.xcconfig */;
			buildSettings = {
				ASSETCATALOG_COMPILER_GLOBAL_ACCENT_COLOR_NAME = AccentColor;
				ASSETCATALOG_COMPILER_WIDGET_BACKGROUND_COLOR_NAME = WidgetBackground;
				CODE_SIGN_ENTITLEMENTS = TaiwanWeatherWidgetExtensionExtension.entitlements;
				CODE_SIGN_STYLE = Automatic;
				CURRENT_PROJECT_VERSION = 1;
				DEVELOPMENT_TEAM = L4D6WNQFVL;
				GENERATE_INFOPLIST_FILE = YES;
				INFOPLIST_FILE = TaiwanWeatherWidgetExtension/Info.plist;
				INFOPLIST_KEY_CFBundleDisplayName = TaiwanWeatherWidgetExtension;
				INFOPLIST_KEY_NSHumanReadableCopyright = "";
				LD_RUNPATH_SEARCH_PATHS = (
					"$(inherited)",
					"@executable_path/Frameworks",
					"@executable_path/../../Frameworks",
				);
				MARKETING_VERSION = 1.0;
				PRODUCT_BUNDLE_IDENTIFIER = com.hungyen.TaiwanWeatherWidget.TaiwanWeatherWidgetExtension;
				PRODUCT_NAME = "$(TARGET_NAME)";
				SKIP_INSTALL = YES;
				SWIFT_EMIT_LOC_STRINGS = YES;
				SWIFT_VERSION = 5.0;
				TARGETED_DEVICE_FAMILY = "1,2";
			};
			name = Debug;
		};
		05C62C9A29C70400007CFE8F /* Release */ = {
			isa = XCBuildConfiguration;
			baseConfigurationReference = 6D6D55A692B18CAEDA2F43F4 /* Pods-TaiwanWeatherWidgetExtensionExtension.release.xcconfig */;
			buildSettings = {
				ASSETCATALOG_COMPILER_GLOBAL_ACCENT_COLOR_NAME = AccentColor;
				ASSETCATALOG_COMPILER_WIDGET_BACKGROUND_COLOR_NAME = WidgetBackground;
				CODE_SIGN_ENTITLEMENTS = TaiwanWeatherWidgetExtensionExtension.entitlements;
				CODE_SIGN_STYLE = Automatic;
				CURRENT_PROJECT_VERSION = 1;
				DEVELOPMENT_TEAM = L4D6WNQFVL;
				GENERATE_INFOPLIST_FILE = YES;
				INFOPLIST_FILE = TaiwanWeatherWidgetExtension/Info.plist;
				INFOPLIST_KEY_CFBundleDisplayName = TaiwanWeatherWidgetExtension;
				INFOPLIST_KEY_NSHumanReadableCopyright = "";
				LD_RUNPATH_SEARCH_PATHS = (
					"$(inherited)",
					"@executable_path/Frameworks",
					"@executable_path/../../Frameworks",
				);
				MARKETING_VERSION = 1.0;
				PRODUCT_BUNDLE_IDENTIFIER = com.hungyen.TaiwanWeatherWidget.TaiwanWeatherWidgetExtension;
				PRODUCT_NAME = "$(TARGET_NAME)";
				SKIP_INSTALL = YES;
				SWIFT_EMIT_LOC_STRINGS = YES;
				SWIFT_VERSION = 5.0;
				TARGETED_DEVICE_FAMILY = "1,2";
			};
			name = Release;
		};
/* End XCBuildConfiguration section */

/* Begin XCConfigurationList section */
		054D3E7529CFE0EE00E1CAC0 /* Build configuration list for PBXNativeTarget "TaiwanWeatherWidgetIntent" */ = {
			isa = XCConfigurationList;
			buildConfigurations = (
				054D3E7629CFE0EE00E1CAC0 /* Debug */,
				054D3E7729CFE0EE00E1CAC0 /* Release */,
			);
			defaultConfigurationIsVisible = 0;
			defaultConfigurationName = Release;
		};
		05C62C6129C6EB59007CFE8F /* Build configuration list for PBXProject "TaiwanWeatherWidget" */ = {
			isa = XCConfigurationList;
			buildConfigurations = (
				05C62C7229C6EB5B007CFE8F /* Debug */,
				05C62C7329C6EB5B007CFE8F /* Release */,
			);
			defaultConfigurationIsVisible = 0;
			defaultConfigurationName = Release;
		};
		05C62C7429C6EB5B007CFE8F /* Build configuration list for PBXNativeTarget "TaiwanWeatherWidget" */ = {
			isa = XCConfigurationList;
			buildConfigurations = (
				05C62C7529C6EB5B007CFE8F /* Debug */,
				05C62C7629C6EB5B007CFE8F /* Release */,
			);
			defaultConfigurationIsVisible = 0;
			defaultConfigurationName = Release;
		};
		05C62C9829C70400007CFE8F /* Build configuration list for PBXNativeTarget "TaiwanWeatherWidgetExtensionExtension" */ = {
			isa = XCConfigurationList;
			buildConfigurations = (
				05C62C9929C70400007CFE8F /* Debug */,
				05C62C9A29C70400007CFE8F /* Release */,
			);
			defaultConfigurationIsVisible = 0;
			defaultConfigurationName = Release;
		};
/* End XCConfigurationList section */

/* Begin XCVersionGroup section */
		053EA4F729C723A400BF19E1 /* TaiwanWeatherWidget.xcdatamodeld */ = {
			isa = XCVersionGroup;
			children = (
				053EA4F829C723A400BF19E1 /* TaiwanWeatherWidget.xcdatamodel */,
			);
			currentVersion = 053EA4F829C723A400BF19E1 /* TaiwanWeatherWidget.xcdatamodel */;
			path = TaiwanWeatherWidget.xcdatamodeld;
			sourceTree = "<group>";
			versionGroupType = wrapper.xcdatamodel;
		};
/* End XCVersionGroup section */
	};
	rootObject = 05C62C5E29C6EB59007CFE8F /* Project object */;
}
